// !$*UTF8*$!
{
	archiveVersion = 1;
	classes = {
	};
	objectVersion = 46;
	objects = {

/* Begin PBXBuildFile section */
		697216A61C02E42B00CE911F /* main.m in Sources */ = {isa = PBXBuildFile; fileRef = 697216A51C02E42B00CE911F /* main.m */; };
		697216AE1C02E44E00CE911F /* DynamicMethod.m in Sources */ = {isa = PBXBuildFile; fileRef = 697216AD1C02E44E00CE911F /* DynamicMethod.m */; };
		697216B11C02FA5700CE911F /* ForwardInvocation.m in Sources */ = {isa = PBXBuildFile; fileRef = 697216B01C02FA5700CE911F /* ForwardInvocation.m */; };
/* End PBXBuildFile section */

/* Begin PBXCopyFilesBuildPhase section */
		697216A01C02E42B00CE911F /* CopyFiles */ = {
			isa = PBXCopyFilesBuildPhase;
			buildActionMask = 2147483647;
			dstPath = /usr/share/man/man1/;
			dstSubfolderSpec = 0;
			files = (
			);
			runOnlyForDeploymentPostprocessing = 1;
		};
/* End PBXCopyFilesBuildPhase section */

/* Begin PBXFileReference section */
		697216A21C02E42B00CE911F /* RuntimeTest */ = {isa = PBXFileReference; explicitFileType = "compiled.mach-o.executable"; includeInIndex = 0; path = RuntimeTest; sourceTree = BUILT_PRODUCTS_DIR; };
		697216A51C02E42B00CE911F /* main.m */ = {isa = PBXFileReference; lastKnownFileType = sourcecode.c.objc; path = main.m; sourceTree = "<group>"; };
		697216AC1C02E44E00CE911F /* DynamicMethod.h */ = {isa = PBXFileReference; fileEncoding = 4; lastKnownFileType = sourcecode.c.h; path = DynamicMethod.h; sourceTree = "<group>"; };
		697216AD1C02E44E00CE911F /* DynamicMethod.m */ = {isa = PBXFileReference; fileEncoding = 4; lastKnownFileType = sourcecode.c.objc; path = DynamicMethod.m; sourceTree = "<group>"; };
		697216AF1C02FA5700CE911F /* ForwardInvocation.h */ = {isa = PBXFileReference; fileEncoding = 4; lastKnownFileType = sourcecode.c.h; path = ForwardInvocation.h; sourceTree = "<group>"; };
		697216B01C02FA5700CE911F /* ForwardInvocation.m */ = {isa = PBXFileReference; fileEncoding = 4; lastKnownFileType = sourcecode.c.objc; path = ForwardInvocation.m; sourceTree = "<group>"; };
/* End PBXFileReference section */

/* Begin PBXFrameworksBuildPhase section */
		6972169F1C02E42B00CE911F /* Frameworks */ = {
			isa = PBXFrameworksBuildPhase;
			buildActionMask = 2147483647;
			files = (
			);
			runOnlyForDeploymentPostprocessing = 0;
		};
/* End PBXFrameworksBuildPhase section */

/* Begin PBXGroup section */
		697216991C02E42B00CE911F = {
			isa = PBXGroup;
			children = (
				697216A41C02E42B00CE911F /* RuntimeTest */,
				697216A31C02E42B00CE911F /* Products */,
			);
			sourceTree = "<group>";
		};
		697216A31C02E42B00CE911F /* Products */ = {
			isa = PBXGroup;
			children = (
				697216A21C02E42B00CE911F /* RuntimeTest */,
			);
			name = Products;
			sourceTree = "<group>";
		};
		697216A41C02E42B00CE911F /* RuntimeTest */ = {
			isa = PBXGroup;
			children = (
				697216A51C02E42B00CE911F /* main.m */,
				697216AC1C02E44E00CE911F /* DynamicMethod.h */,
				697216AD1C02E44E00CE911F /* DynamicMethod.m */,
				697216AF1C02FA5700CE911F /* ForwardInvocation.h */,
				697216B01C02FA5700CE911F /* ForwardInvocation.m */,
			);
			path = RuntimeTest;
			sourceTree = "<group>";
		};
/* End PBXGroup section */

/* Begin PBXNativeTarget section */
		697216A11C02E42B00CE911F /* RuntimeTest */ = {
			isa = PBXNativeTarget;
			buildConfigurationList = 697216A91C02E42B00CE911F /* Build configuration list for PBXNativeTarget "RuntimeTest" */;
			buildPhases = (
				6972169E1C02E42B00CE911F /* Sources */,
				6972169F1C02E42B00CE911F /* Frameworks */,
				697216A01C02E42B00CE911F /* CopyFiles */,
			);
			buildRules = (
			);
			dependencies = (
			);
			name = RuntimeTest;
			productName = RuntimeTest;
			productReference = 697216A21C02E42B00CE911F /* RuntimeTest */;
			productType = "com.apple.product-type.tool";
		};
/* End PBXNativeTarget section */

/* Begin PBXProject section */
		6972169A1C02E42B00CE911F /* Project object */ = {
			isa = PBXProject;
			attributes = {
				LastUpgradeCheck = 0610;
				ORGANIZATIONNAME = Daniel;
				TargetAttributes = {
					697216A11C02E42B00CE911F = {
						CreatedOnToolsVersion = 6.1;
					};
				};
			};
			buildConfigurationList = 6972169D1C02E42B00CE911F /* Build configuration list for PBXProject "RuntimeTest" */;
			compatibilityVersion = "Xcode 3.2";
			developmentRegion = English;
			hasScannedForEncodings = 0;
			knownRegions = (
				en,
			);
			mainGroup = 697216991C02E42B00CE911F;
			productRefGroup = 697216A31C02E42B00CE911F /* Products */;
			projectDirPath = "";
			projectRoot = "";
			targets = (
				697216A11C02E42B00CE911F /* RuntimeTest */,
			);
		};
/* End PBXProject section */

/* Begin PBXSourcesBuildPhase section */
		6972169E1C02E42B00CE911F /* Sources */ = {
			isa = PBXSourcesBuildPhase;
			buildActionMask = 2147483647;
			files = (
				697216AE1C02E44E00CE911F /* DynamicMethod.m in Sources */,
				697216B11C02FA5700CE911F /* ForwardInvocation.m in Sources */,
				697216A61C02E42B00CE911F /* main.m in Sources */,
			);
			runOnlyForDeploymentPostprocessing = 0;
		};
/* End PBXSourcesBuildPhase section */

/* Begin XCBuildConfiguration section */
		697216A71C02E42B00CE911F /* Debug */ = {
			isa = XCBuildConfiguration;
			buildSettings = {
				ALWAYS_SEARCH_USER_PATHS = NO;
				CLANG_CXX_LANGUAGE_STANDARD = "gnu++0x";
				CLANG_CXX_LIBRARY = "libc++";
				CLANG_ENABLE_MODULES = YES;
				CLANG_ENABLE_OBJC_ARC = YES;
				CLANG_WARN_BOOL_CONVERSION = YES;
				CLANG_WARN_CONSTANT_CONVERSION = YES;
				CLANG_WARN_DIRECT_OBJC_ISA_USAGE = YES_ERROR;
				CLANG_WARN_EMPTY_BODY = YES;
				CLANG_WARN_ENUM_CONVERSION = YES;
				CLANG_WARN_INT_CONVERSION = YES;
				CLANG_WARN_OBJC_ROOT_CLASS = YES_ERROR;
				CLANG_WARN_UNREACHABLE_CODE = YES;
				CLANG_WARN__DUPLICATE_METHOD_MATCH = YES;
				COPY_PHASE_STRIP = NO;
				ENABLE_STRICT_OBJC_MSGSEND = YES;
				GCC_C_LANGUAGE_STANDARD = gnu99;
				GCC_DYNAMIC_NO_PIC = NO;
				GCC_OPTIMIZATION_LEVEL = 0;
				GCC_PREPROCESSOR_DEFINITIONS = (
					"DEBUG=1",
					"$(inherited)",
				);
				GCC_SYMBOLS_PRIVATE_EXTERN = NO;
				GCC_WARN_64_TO_32_BIT_CONVERSION = YES;
				GCC_WARN_ABOUT_RETURN_TYPE = YES_ERROR;
				GCC_WARN_UNDECLARED_SELECTOR = YES;
				GCC_WARN_UNINITIALIZED_AUTOS = YES_AGGRESSIVE;
				GCC_WARN_UNUSED_FUNCTION = YES;
				GCC_WARN_UNUSED_VARIABLE = YES;
				MACOSX_DEPLOYMENT_TARGET = 10.10;
				MTL_ENABLE_DEBUG_INFO = YES;
				ONLY_ACTIVE_ARCH = YES;
				SDKROOT = macosx;
			};
			name = Debug;
		};
		697216A81C02E42B00CE911F /* Release */ = {
			isa = XCBuildConfiguration;
			buildSettings = {
				ALWAYS_SEARCH_USER_PATHS = NO;
				CLANG_CXX_LANGUAGE_STANDARD = "gnu++0x";
				CLANG_CXX_LIBRARY = "libc++";
				CLANG_ENABLE_MODULES = YES;
				CLANG_ENABLE_OBJC_ARC = YES;
				CLANG_WARN_BOOL_CONVERSION = YES;
				CLANG_WARN_CONSTANT_CONVERSION = YES;
				CLANG_WARN_DIRECT_OBJC_ISA_USAGE = YES_ERROR;
				CLANG_WARN_EMPTY_BODY = YES;
				CLANG_WARN_ENUM_CONVERSION = YES;
				CLANG_WARN_INT_CONVERSION = YES;
				CLANG_WARN_OBJC_ROOT_CLASS = YES_ERROR;
				CLANG_WARN_UNREACHABLE_CODE = YES;
				CLANG_WARN__DUPLICATE_METHOD_MATCH = YES;
				COPY_PHASE_STRIP = YES;
				DEBUG_INFORMATION_FORMAT = "dwarf-with-dsym";
				ENABLE_NS_ASSERTIONS = NO;
				ENABLE_STRICT_OBJC_MSGSEND = YES;
				GCC_C_LANGUAGE_STANDARD = gnu99;
				GCC_WARN_64_TO_32_BIT_CONVERSION = YES;
				GCC_WARN_ABOUT_RETURN_TYPE = YES_ERROR;
				GCC_WARN_UNDECLARED_SELECTOR = YES;
				GCC_WARN_UNINITIALIZED_AUTOS = YES_AGGRESSIVE;
				GCC_WARN_UNUSED_FUNCTION = YES;
				GCC_WARN_UNUSED_VARIABLE = YES;
				MACOSX_DEPLOYMENT_TARGET = 10.10;
				MTL_ENABLE_DEBUG_INFO = NO;
				SDKROOT = macosx;
			};
			name = Release;
		};
		697216AA1C02E42B00CE911F /* Debug */ = {
			isa = XCBuildConfiguration;
			buildSettings = {
				PRODUCT_NAME = "$(TARGET_NAME)";
			};
			name = Debug;
		};
		697216AB1C02E42B00CE911F /* Release */ = {
			isa = XCBuildConfiguration;
			buildSettings = {
				PRODUCT_NAME = "$(TARGET_NAME)";
			};
			name = Release;
		};
/* End XCBuildConfiguration section */

/* Begin XCConfigurationList section */
		6972169D1C02E42B00CE911F /* Build configuration list for PBXProject "RuntimeTest" */ = {
			isa = XCConfigurationList;
			buildConfigurations = (
				697216A71C02E42B00CE911F /* Debug */,
				697216A81C02E42B00CE911F /* Release */,
			);
			defaultConfigurationIsVisible = 0;
			defaultConfigurationName = Release;
		};
		697216A91C02E42B00CE911F /* Build configuration list for PBXNativeTarget "RuntimeTest" */ = {
			isa = XCConfigurationList;
			buildConfigurations = (
				697216AA1C02E42B00CE911F /* Debug */,
				697216AB1C02E42B00CE911F /* Release */,
			);
			defaultConfigurationIsVisible = 0;
			defaultConfigurationName = Release;
		};
/* End XCConfigurationList section */
	};
	rootObject = 6972169A1C02E42B00CE911F /* Project object */;
}
